
Microsoft Visual Studio Solution File, Format Version 12.00
# Visual Studio 2013
VisualStudioVersion = 12.0.30110.0
MinimumVisualStudioVersion = 10.0.40219.1
Project("{FAE04EC0-301F-11D3-BF4B-00C04F79EFBC}") = "iLab11ProtoNg", "iLab11ProtoNg\iLab11ProtoNg.csproj", "{D6729670-DFD4-4638-933F-86BF548BB007}"
EndProject
Project("{FAE04EC0-301F-11D3-BF4B-00C04F79EFBC}") = "iLab11ProtoNg.Tests", "iLab11ProtoNg.Tests\iLab11ProtoNg.Tests.csproj", "{E8F4375B-B4E3-4E17-A1AA-17A9A09A9A90}"
EndProject
Global
	GlobalSection(SolutionConfigurationPlatforms) = preSolution
		Debug|Any CPU = Debug|Any CPU
		Release|Any CPU = Release|Any CPU
	EndGlobalSection
	GlobalSection(ProjectConfigurationPlatforms) = postSolution
		{D6729670-DFD4-4638-933F-86BF548BB007}.Debug|Any CPU.ActiveCfg = Debug|Any CPU
		{D6729670-DFD4-4638-933F-86BF548BB007}.Debug|Any CPU.Build.0 = Debug|Any CPU
		{D6729670-DFD4-4638-933F-86BF548BB007}.Release|Any CPU.ActiveCfg = Release|Any CPU
		{D6729670-DFD4-4638-933F-86BF548BB007}.Release|Any CPU.Build.0 = Release|Any CPU
		{E8F4375B-B4E3-4E17-A1AA-17A9A09A9A90}.Debug|Any CPU.ActiveCfg = Debug|Any CPU
		{E8F4375B-B4E3-4E17-A1AA-17A9A09A9A90}.Debug|Any CPU.Build.0 = Debug|Any CPU
		{E8F4375B-B4E3-4E17-A1AA-17A9A09A9A90}.Release|Any CPU.ActiveCfg = Release|Any CPU
		{E8F4375B-B4E3-4E17-A1AA-17A9A09A9A90}.Release|Any CPU.Build.0 = Release|Any CPU
	EndGlobalSection
	GlobalSection(SolutionProperties) = preSolution
		HideSolutionNode = FALSE
	EndGlobalSection
EndGlobal
